
Microsoft Visual Studio Solution File, Format Version 12.00
# Visual Studio Version 17
VisualStudioVersion = 17.7.34003.232
MinimumVisualStudioVersion = 10.0.40219.1
Project("{FAE04EC0-301F-11D3-BF4B-00C04F79EFBC}") = "ASPNETMVCRESTFULL", "ASPNETMVCRESTFULL\ASPNETMVCRESTFULL.csproj", "{2519102A-BE8B-4B72-896C-56BF03734471}"
EndProject
Global
	GlobalSection(SolutionConfigurationPlatforms) = preSolution
		Debug|Any CPU = Debug|Any CPU
		Release|Any CPU = Release|Any CPU
	EndGlobalSection
	GlobalSection(ProjectConfigurationPlatforms) = postSolution
		{2519102A-BE8B-4B72-896C-56BF03734471}.Debug|Any CPU.ActiveCfg = Debug|Any CPU
		{2519102A-BE8B-4B72-896C-56BF03734471}.Debug|Any CPU.Build.0 = Debug|Any CPU
		{2519102A-BE8B-4B72-896C-56BF03734471}.Release|Any CPU.ActiveCfg = Release|Any CPU
		{2519102A-BE8B-4B72-896C-56BF03734471}.Release|Any CPU.Build.0 = Release|Any CPU
	EndGlobalSection
	GlobalSection(SolutionProperties) = preSolution
		HideSolutionNode = FALSE
	EndGlobalSection
	GlobalSection(ExtensibilityGlobals) = postSolution
		SolutionGuid = {01239A46-2D77-4796-8F99-AC8D06CB0DAC}
	EndGlobalSection
EndGlobal
